
Microsoft Visual Studio Solution File, Format Version 12.00
# Visual Studio Version 17
VisualStudioVersion = 17.4.33122.133
MinimumVisualStudioVersion = 10.0.40219.1
Project("{FAE04EC0-301F-11D3-BF4B-00C04F79EFBC}") = "Blowin.ChainOfResponsibility", "Blowin.ChainOfResponsibility\Blowin.ChainOfResponsibility.csproj", "{F67401F7-991F-4430-BD40-5CD02A9CD251}"
EndProject
Project("{FAE04EC0-301F-11D3-BF4B-00C04F79EFBC}") = "Blowin.ChainOfResponsibility,DependencyInjection", "Blowin.ChainOfResponsibility,DependencyInjection\Blowin.ChainOfResponsibility,DependencyInjection.csproj", "{DF1319A9-1311-4271-B0B3-2D6A018C6784}"
EndProject
Project("{FAE04EC0-301F-11D3-BF4B-00C04F79EFBC}") = "Blowin.ChainOfResponsibility.Tests", "Blowin.ChainOfResponsibility.Tests\Blowin.ChainOfResponsibility.Tests.csproj", "{799B4815-9BED-4998-84D3-E19F27B80DC3}"
EndProject
Global
	GlobalSection(SolutionConfigurationPlatforms) = preSolution
		Debug|Any CPU = Debug|Any CPU
		Release|Any CPU = Release|Any CPU
	EndGlobalSection
	GlobalSection(ProjectConfigurationPlatforms) = postSolution
		{F67401F7-991F-4430-BD40-5CD02A9CD251}.Debug|Any CPU.ActiveCfg = Debug|Any CPU
		{F67401F7-991F-4430-BD40-5CD02A9CD251}.Debug|Any CPU.Build.0 = Debug|Any CPU
		{F67401F7-991F-4430-BD40-5CD02A9CD251}.Release|Any CPU.ActiveCfg = Release|Any CPU
		{F67401F7-991F-4430-BD40-5CD02A9CD251}.Release|Any CPU.Build.0 = Release|Any CPU
		{DF1319A9-1311-4271-B0B3-2D6A018C6784}.Debug|Any CPU.ActiveCfg = Debug|Any CPU
		{DF1319A9-1311-4271-B0B3-2D6A018C6784}.Debug|Any CPU.Build.0 = Debug|Any CPU
		{DF1319A9-1311-4271-B0B3-2D6A018C6784}.Release|Any CPU.ActiveCfg = Release|Any CPU
		{DF1319A9-1311-4271-B0B3-2D6A018C6784}.Release|Any CPU.Build.0 = Release|Any CPU
		{799B4815-9BED-4998-84D3-E19F27B80DC3}.Debug|Any CPU.ActiveCfg = Debug|Any CPU
		{799B4815-9BED-4998-84D3-E19F27B80DC3}.Debug|Any CPU.Build.0 = Debug|Any CPU
		{799B4815-9BED-4998-84D3-E19F27B80DC3}.Release|Any CPU.ActiveCfg = Release|Any CPU
		{799B4815-9BED-4998-84D3-E19F27B80DC3}.Release|Any CPU.Build.0 = Release|Any CPU
	EndGlobalSection
	GlobalSection(SolutionProperties) = preSolution
		HideSolutionNode = FALSE
	EndGlobalSection
	GlobalSection(ExtensibilityGlobals) = postSolution
		SolutionGuid = {DE670FE2-561F-4E28-8A2E-76263CC9B398}
	EndGlobalSection
EndGlobal
